{
	"name": "cloudflare-zero-trust-dns-privacy-adblock",
	"lockfileVersion": 3,
	"requires": true,
	"packages": {
		"": {
			"name": "cloudflare-zero-trust-dns-privacy-adblock",
			"license": "MIT",
			"devDependencies": {
				"@demosjarco/prettier-config": "1.0.2",
				"prettier": "3.9.6"
			}
		},
		"node_modules/@demosjarco/prettier-config": {
			"version": "1.0.2",
			"resolved": "https://registry.npmjs.org/@demosjarco/prettier-config/-/prettier-config-1.0.2.tgz",
			"integrity": "sha512-4Ola91fd4JZEtgOyvcNNRXTkf9Hq8CQymCufoyck+gs6RPelPlCiKJHyrMMgMVul2/NsBj7V+4Wblp8sVJAVwA==",
			"dev": true,
			"license": "MIT"
		},
		"node_modules/prettier": {
			"version": "3.9.6",
			"resolved": "https://registry.npmjs.org/prettier/-/prettier-3.9.6.tgz",
			"integrity": "sha512-OpN0zzVdiaiAhxpuuj5efpIS4sY9j7bY6uR5mnj5yPzGkdkjNKSJeUThPb60Jw29QuAZgA4o+/iB49kFiaBX6g==",
			"dev": true,
			"license": "MIT",
			"bin": {
				"prettier": "bin/prettier.cjs"
			},
			"engines": {
				"node": ">=14"
			},
			"funding": {
				"url": "https://github.com/prettier/prettier?sponsor=1"
			}
		}
	}
}
